
Microsoft Visual Studio Solution File, Format Version 12.00
# Visual Studio Version 17
VisualStudioVersion = 17.3.32929.385
MinimumVisualStudioVersion = 10.0.40219.1
Project("{FAE04EC0-301F-11D3-BF4B-00C04F79EFBC}") = "Service", "Service\Service.csproj", "{1DB764FF-185E-4CFC-BE58-0772483CD6A2}"
EndProject
Global
	GlobalSection(SolutionConfigurationPlatforms) = preSolution
		Debug|Any CPU = Debug|Any CPU
		Release|Any CPU = Release|Any CPU
	EndGlobalSection
	GlobalSection(ProjectConfigurationPlatforms) = postSolution
		{1DB764FF-185E-4CFC-BE58-0772483CD6A2}.Debug|Any CPU.ActiveCfg = Debug|Any CPU
		{1DB764FF-185E-4CFC-BE58-0772483CD6A2}.Debug|Any CPU.Build.0 = Debug|Any CPU
		{1DB764FF-185E-4CFC-BE58-0772483CD6A2}.Release|Any CPU.ActiveCfg = Release|Any CPU
		{1DB764FF-185E-4CFC-BE58-0772483CD6A2}.Release|Any CPU.Build.0 = Release|Any CPU
	EndGlobalSection
	GlobalSection(SolutionProperties) = preSolution
		HideSolutionNode = FALSE
	EndGlobalSection
	GlobalSection(ExtensibilityGlobals) = postSolution
		SolutionGuid = {10599810-F350-424B-9AA1-68EF056A820D}
	EndGlobalSection
EndGlobal
